
Microsoft Visual Studio Solution File, Format Version 12.00
# Visual Studio Version 17
VisualStudioVersion = 17.0.31903.59
MinimumVisualStudioVersion = 10.0.40219.1
Project("{2150E333-8FDC-42A3-9474-1A3956D46DE8}") = "RealEstate", "RealEstate", "{0563BD36-5DE1-49EB-A6F6-08D63FFCB8C0}"
EndProject
Project("{FAE04EC0-301F-11D3-BF4B-00C04F79EFBC}") = "RealEstate.Api", "RealEstate\RealEstate.Api\RealEstate.Api.csproj", "{30F4A1DA-8290-479F-B93A-EDBB88821D06}"
EndProject
Project("{FAE04EC0-301F-11D3-BF4B-00C04F79EFBC}") = "RealEstate.App", "RealEstate\RealEstate.App\RealEstate.App.csproj", "{99F3D10C-6131-4B45-BE67-8170AA0A3657}"
EndProject
Project("{FAE04EC0-301F-11D3-BF4B-00C04F79EFBC}") = "RealEstate.Domain", "RealEstate\RealEstate.Domain\RealEstate.Domain.csproj", "{D0BD5622-06CD-40E2-972D-DC6F107C2F31}"
EndProject
Project("{FAE04EC0-301F-11D3-BF4B-00C04F79EFBC}") = "RealEstate.Infra", "RealEstate\RealEstate.Infra\RealEstate.Infra.csproj", "{0045E394-D6C7-4F0A-BF3B-74BBB53629CC}"
EndProject
Project("{FAE04EC0-301F-11D3-BF4B-00C04F79EFBC}") = "RealEstate.Test", "RealEstate\RealEstate.Test\RealEstate.Test.csproj", "{CE0CCA01-8E25-461D-9056-AE9FD84A4749}"
EndProject
Global
	GlobalSection(SolutionConfigurationPlatforms) = preSolution
		Debug|Any CPU = Debug|Any CPU
		Release|Any CPU = Release|Any CPU
	EndGlobalSection
	GlobalSection(SolutionProperties) = preSolution
		HideSolutionNode = FALSE
	EndGlobalSection
	GlobalSection(ProjectConfigurationPlatforms) = postSolution
		{40113500-849C-4DE3-B150-0995CFDB1858}.Debug|Any CPU.ActiveCfg = Debug|Any CPU
		{40113500-849C-4DE3-B150-0995CFDB1858}.Debug|Any CPU.Build.0 = Debug|Any CPU
		{40113500-849C-4DE3-B150-0995CFDB1858}.Release|Any CPU.ActiveCfg = Release|Any CPU
		{40113500-849C-4DE3-B150-0995CFDB1858}.Release|Any CPU.Build.0 = Release|Any CPU
		{9905F60D-EA06-4C14-AE4D-C26206CE4E98}.Debug|Any CPU.ActiveCfg = Debug|Any CPU
		{9905F60D-EA06-4C14-AE4D-C26206CE4E98}.Debug|Any CPU.Build.0 = Debug|Any CPU
		{9905F60D-EA06-4C14-AE4D-C26206CE4E98}.Release|Any CPU.ActiveCfg = Release|Any CPU
		{9905F60D-EA06-4C14-AE4D-C26206CE4E98}.Release|Any CPU.Build.0 = Release|Any CPU
		{30F4A1DA-8290-479F-B93A-EDBB88821D06}.Debug|Any CPU.ActiveCfg = Debug|Any CPU
		{30F4A1DA-8290-479F-B93A-EDBB88821D06}.Debug|Any CPU.Build.0 = Debug|Any CPU
		{30F4A1DA-8290-479F-B93A-EDBB88821D06}.Release|Any CPU.ActiveCfg = Release|Any CPU
		{30F4A1DA-8290-479F-B93A-EDBB88821D06}.Release|Any CPU.Build.0 = Release|Any CPU
		{99F3D10C-6131-4B45-BE67-8170AA0A3657}.Debug|Any CPU.ActiveCfg = Debug|Any CPU
		{99F3D10C-6131-4B45-BE67-8170AA0A3657}.Debug|Any CPU.Build.0 = Debug|Any CPU
		{99F3D10C-6131-4B45-BE67-8170AA0A3657}.Release|Any CPU.ActiveCfg = Release|Any CPU
		{99F3D10C-6131-4B45-BE67-8170AA0A3657}.Release|Any CPU.Build.0 = Release|Any CPU
		{D0BD5622-06CD-40E2-972D-DC6F107C2F31}.Debug|Any CPU.ActiveCfg = Debug|Any CPU
		{D0BD5622-06CD-40E2-972D-DC6F107C2F31}.Debug|Any CPU.Build.0 = Debug|Any CPU
		{D0BD5622-06CD-40E2-972D-DC6F107C2F31}.Release|Any CPU.ActiveCfg = Release|Any CPU
		{D0BD5622-06CD-40E2-972D-DC6F107C2F31}.Release|Any CPU.Build.0 = Release|Any CPU
		{0045E394-D6C7-4F0A-BF3B-74BBB53629CC}.Debug|Any CPU.ActiveCfg = Debug|Any CPU
		{0045E394-D6C7-4F0A-BF3B-74BBB53629CC}.Debug|Any CPU.Build.0 = Debug|Any CPU
		{0045E394-D6C7-4F0A-BF3B-74BBB53629CC}.Release|Any CPU.ActiveCfg = Release|Any CPU
		{0045E394-D6C7-4F0A-BF3B-74BBB53629CC}.Release|Any CPU.Build.0 = Release|Any CPU
		{CE0CCA01-8E25-461D-9056-AE9FD84A4749}.Debug|Any CPU.ActiveCfg = Debug|Any CPU
		{CE0CCA01-8E25-461D-9056-AE9FD84A4749}.Debug|Any CPU.Build.0 = Debug|Any CPU
		{CE0CCA01-8E25-461D-9056-AE9FD84A4749}.Release|Any CPU.ActiveCfg = Release|Any CPU
		{CE0CCA01-8E25-461D-9056-AE9FD84A4749}.Release|Any CPU.Build.0 = Release|Any CPU
	EndGlobalSection
	GlobalSection(NestedProjects) = preSolution
		{30F4A1DA-8290-479F-B93A-EDBB88821D06} = {0563BD36-5DE1-49EB-A6F6-08D63FFCB8C0}
		{99F3D10C-6131-4B45-BE67-8170AA0A3657} = {0563BD36-5DE1-49EB-A6F6-08D63FFCB8C0}
		{D0BD5622-06CD-40E2-972D-DC6F107C2F31} = {0563BD36-5DE1-49EB-A6F6-08D63FFCB8C0}
		{0045E394-D6C7-4F0A-BF3B-74BBB53629CC} = {0563BD36-5DE1-49EB-A6F6-08D63FFCB8C0}
		{CE0CCA01-8E25-461D-9056-AE9FD84A4749} = {0563BD36-5DE1-49EB-A6F6-08D63FFCB8C0}
	EndGlobalSection
EndGlobal
